
Microsoft Visual Studio Solution File, Format Version 12.00
# Visual Studio Version 16
VisualStudioVersion = 16.0.30717.126
MinimumVisualStudioVersion = 10.0.40219.1
Project("{FAE04EC0-301F-11D3-BF4B-00C04F79EFBC}") = "UitleenApp", "UitleenApp\UitleenApp.csproj", "{EECEED8B-4778-4CB7-9A77-BC4F75E02BF8}"
EndProject
Global
	GlobalSection(SolutionConfigurationPlatforms) = preSolution
		Debug|Any CPU = Debug|Any CPU
		Release|Any CPU = Release|Any CPU
	EndGlobalSection
	GlobalSection(ProjectConfigurationPlatforms) = postSolution
		{EECEED8B-4778-4CB7-9A77-BC4F75E02BF8}.Debug|Any CPU.ActiveCfg = Debug|Any CPU
		{EECEED8B-4778-4CB7-9A77-BC4F75E02BF8}.Debug|Any CPU.Build.0 = Debug|Any CPU
		{EECEED8B-4778-4CB7-9A77-BC4F75E02BF8}.Release|Any CPU.ActiveCfg = Release|Any CPU
		{EECEED8B-4778-4CB7-9A77-BC4F75E02BF8}.Release|Any CPU.Build.0 = Release|Any CPU
	EndGlobalSection
	GlobalSection(SolutionProperties) = preSolution
		HideSolutionNode = FALSE
	EndGlobalSection
	GlobalSection(ExtensibilityGlobals) = postSolution
		SolutionGuid = {AC2A5FC8-5EAC-47CB-8DA4-58BF2FF0FC4E}
	EndGlobalSection
EndGlobal
